
Microsoft Visual Studio Solution File, Format Version 12.00
# Visual Studio 15
VisualStudioVersion = 15.0.27130.2027
MinimumVisualStudioVersion = 10.0.40219.1
Project("{FAE04EC0-301F-11D3-BF4B-00C04F79EFBC}") = "ContosoUniversity", "ContosoUniversity\ContosoUniversity.csproj", "{0A870A45-33F2-4EC4-A68F-B6F827FD817F}"
EndProject
Project("{E53339B2-1760-4266-BCC7-CA923CBCF16C}") = "docker-compose", "docker-compose.dcproj", "{ED8DE8AB-DF76-45C2-B037-7597B9A8254C}"
EndProject
Global
	GlobalSection(SolutionConfigurationPlatforms) = preSolution
		Debug|Any CPU = Debug|Any CPU
		Release|Any CPU = Release|Any CPU
	EndGlobalSection
	GlobalSection(ProjectConfigurationPlatforms) = postSolution
		{0A870A45-33F2-4EC4-A68F-B6F827FD817F}.Debug|Any CPU.ActiveCfg = Debug|Any CPU
		{0A870A45-33F2-4EC4-A68F-B6F827FD817F}.Debug|Any CPU.Build.0 = Debug|Any CPU
		{0A870A45-33F2-4EC4-A68F-B6F827FD817F}.Release|Any CPU.ActiveCfg = Release|Any CPU
		{0A870A45-33F2-4EC4-A68F-B6F827FD817F}.Release|Any CPU.Build.0 = Release|Any CPU
		{ED8DE8AB-DF76-45C2-B037-7597B9A8254C}.Debug|Any CPU.ActiveCfg = Debug|Any CPU
		{ED8DE8AB-DF76-45C2-B037-7597B9A8254C}.Debug|Any CPU.Build.0 = Debug|Any CPU
		{ED8DE8AB-DF76-45C2-B037-7597B9A8254C}.Release|Any CPU.ActiveCfg = Release|Any CPU
		{ED8DE8AB-DF76-45C2-B037-7597B9A8254C}.Release|Any CPU.Build.0 = Release|Any CPU
	EndGlobalSection
	GlobalSection(SolutionProperties) = preSolution
		HideSolutionNode = FALSE
	EndGlobalSection
	GlobalSection(ExtensibilityGlobals) = postSolution
		SolutionGuid = {6A26169F-6958-4311-A38A-614E12DF8830}
	EndGlobalSection
EndGlobal
